// !$*UTF8*$!
{
	archiveVersion = 1;
	classes = {
	};
	objectVersion = 56;
	objects = {
		000000000000000000000001 = {isa = PBXFileReference; lastKnownFileType = text.plist.xml; path = Info.plist; sourceTree = "<group>";};
		000000000000000000000002 = {isa = PBXFileReference; lastKnownFileType = text.plist.entitlements; path = Stash.entitlements; sourceTree = "<group>";};
		000000000000000000000003 = {isa = PBXFileReference; lastKnownFileType = text.json.xcstrings; path = Localizable.xcstrings; sourceTree = "<group>";};
		000000000000000000000004 = {isa = PBXFileReference; lastKnownFileType = text.plist.xml; path = PrivacyInfo.xcprivacy; sourceTree = "<group>";};
		000000000000000000000005 = {isa = PBXFileReference; lastKnownFileType = folder.assetcatalog; path = Assets.xcassets; sourceTree = "<group>";};
		000000000000000000000006 = {isa = PBXFileReference; lastKnownFileType = sourcecode.swift; path = CredentialProviderViewController.swift; sourceTree = "<group>";};
		000000000000000000000007 = {isa = PBXFileReference; lastKnownFileType = text.plist.xml; path = Info.plist; sourceTree = "<group>";};
		000000000000000000000008 = {isa = PBXFileReference; lastKnownFileType = text.plist.entitlements; path = StashAutoFill.entitlements; sourceTree = "<group>";};
		000000000000000000000009 = {isa = PBXFileReference; lastKnownFileType = text.json.xcstrings; path = Localizable.xcstrings; sourceTree = "<group>";};
		00000000000000000000000A = {isa = PBXFileReference; lastKnownFileType = text.plist.xml; path = PrivacyInfo.xcprivacy; sourceTree = "<group>";};
		00000000000000000000000B = {isa = PBXFileReference; lastKnownFileType = sourcecode.swift; path = StashCore.swift; sourceTree = "<group>";};
		00000000000000000000000C = {isa = PBXFileReference; lastKnownFileType = sourcecode.swift; path = Crypto/VaultError.swift; sourceTree = "<group>";};
		00000000000000000000000D = {isa = PBXFileReference; lastKnownFileType = sourcecode.swift; path = Crypto/Random.swift; sourceTree = "<group>";};
		00000000000000000000000E = {isa = PBXFileReference; lastKnownFileType = sourcecode.swift; path = Crypto/KDF.swift; sourceTree = "<group>";};
		00000000000000000000000F = {isa = PBXFileReference; lastKnownFileType = sourcecode.swift; path = Crypto/Crypto.swift; sourceTree = "<group>";};
		000000000000000000000010 = {isa = PBXFileReference; lastKnownFileType = sourcecode.swift; path = Models/VaultItem.swift; sourceTree = "<group>";};
		000000000000000000000011 = {isa = PBXFileReference; lastKnownFileType = sourcecode.swift; path = Models/VaultPayload.swift; sourceTree = "<group>";};
		000000000000000000000012 = {isa = PBXFileReference; lastKnownFileType = sourcecode.swift; path = Storage/VaultFormat.swift; sourceTree = "<group>";};
		000000000000000000000013 = {isa = PBXFileReference; lastKnownFileType = sourcecode.swift; path = Storage/VaultStore.swift; sourceTree = "<group>";};
		000000000000000000000014 = {isa = PBXFileReference; lastKnownFileType = sourcecode.swift; path = StashCoreTests.swift; sourceTree = "<group>";};
		000000000000000000000015 = {isa = PBXFileReference; lastKnownFileType = sourcecode.swift; path = KDFVectorTests.swift; sourceTree = "<group>";};
		000000000000000000000016 = {isa = PBXFileReference; lastKnownFileType = sourcecode.swift; path = CryptoTests.swift; sourceTree = "<group>";};
		000000000000000000000017 = {isa = PBXFileReference; lastKnownFileType = sourcecode.swift; path = VaultStoreTests.swift; sourceTree = "<group>";};
		000000000000000000000018 = {isa = PBXFileReference; explicitFileType = wrapper.application; includeInIndex = 0; path = Stash.app; sourceTree = BUILT_PRODUCTS_DIR;};
		000000000000000000000019 = {isa = PBXFileReference; explicitFileType = wrapper.app-extension; includeInIndex = 0; path = StashAutoFill.appex; sourceTree = BUILT_PRODUCTS_DIR;};
		00000000000000000000001A = {isa = PBXFileReference; explicitFileType = wrapper.framework; includeInIndex = 0; path = StashCore.framework; sourceTree = BUILT_PRODUCTS_DIR;};
		00000000000000000000001B = {isa = PBXFileReference; explicitFileType = wrapper.cfbundle; includeInIndex = 0; path = StashCoreTests.xctest; sourceTree = BUILT_PRODUCTS_DIR;};
		00000000000000000000001C = {isa = PBXFileReference; lastKnownFileType = sourcecode.swift; path = StashApp.swift; sourceTree = "<group>";};
		00000000000000000000001D = {isa = PBXBuildFile; fileRef = 00000000000000000000001C;};
		00000000000000000000001E = {isa = PBXFileReference; lastKnownFileType = sourcecode.swift; path = ContentView.swift; sourceTree = "<group>";};
		00000000000000000000001F = {isa = PBXBuildFile; fileRef = 00000000000000000000001E;};
		000000000000000000000020 = {isa = PBXBuildFile; fileRef = 000000000000000000000003;};
		000000000000000000000021 = {isa = PBXBuildFile; fileRef = 000000000000000000000004;};
		000000000000000000000022 = {isa = PBXBuildFile; fileRef = 000000000000000000000005;};
		000000000000000000000023 = {isa = PBXBuildFile; fileRef = 000000000000000000000006;};
		000000000000000000000024 = {isa = PBXBuildFile; fileRef = 000000000000000000000009;};
		000000000000000000000025 = {isa = PBXBuildFile; fileRef = 00000000000000000000000A;};
		000000000000000000000026 = {isa = PBXBuildFile; fileRef = 00000000000000000000000B;};
		000000000000000000000027 = {isa = PBXBuildFile; fileRef = 00000000000000000000000C;};
		000000000000000000000028 = {isa = PBXBuildFile; fileRef = 00000000000000000000000D;};
		000000000000000000000029 = {isa = PBXBuildFile; fileRef = 00000000000000000000000E;};
		00000000000000000000002A = {isa = PBXBuildFile; fileRef = 00000000000000000000000F;};
		00000000000000000000002B = {isa = PBXBuildFile; fileRef = 000000000000000000000010;};
		00000000000000000000002C = {isa = PBXBuildFile; fileRef = 000000000000000000000011;};
		00000000000000000000002D = {isa = PBXBuildFile; fileRef = 000000000000000000000012;};
		00000000000000000000002E = {isa = PBXBuildFile; fileRef = 000000000000000000000013;};
		00000000000000000000002F = {isa = PBXBuildFile; fileRef = 000000000000000000000014;};
		000000000000000000000030 = {isa = PBXBuildFile; fileRef = 000000000000000000000015;};
		000000000000000000000031 = {isa = PBXBuildFile; fileRef = 000000000000000000000016;};
		000000000000000000000032 = {isa = PBXBuildFile; fileRef = 000000000000000000000017;};
		000000000000000000000033 = {isa = PBXBuildFile; fileRef = 00000000000000000000001A;};
		000000000000000000000034 = {isa = PBXBuildFile; fileRef = 00000000000000000000001A;};
		000000000000000000000035 = {isa = PBXBuildFile; fileRef = 00000000000000000000001A;};
		000000000000000000000036 = {isa = PBXBuildFile; fileRef = 00000000000000000000001A; settings = {ATTRIBUTES = (CodeSignOnCopy, RemoveHeadersOnCopy, ); };};
		000000000000000000000037 = {isa = PBXBuildFile; fileRef = 000000000000000000000019; settings = {ATTRIBUTES = (RemoveHeadersOnCopy, ); };};
		000000000000000000000038 = {
			isa = PBXGroup;
			children = (
				000000000000000000000003,
				000000000000000000000004,
				000000000000000000000005,
			);
			path = Resources;
			sourceTree = "<group>";
		};
		000000000000000000000039 = {
			isa = PBXGroup;
			children = (
				00000000000000000000001C,
				00000000000000000000001E,
				000000000000000000000001,
				000000000000000000000002,
				000000000000000000000038,
			);
			path = App;
			sourceTree = "<group>";
		};
		00000000000000000000003A = {
			isa = PBXGroup;
			children = (
				000000000000000000000006,
				000000000000000000000007,
				000000000000000000000008,
				000000000000000000000009,
				00000000000000000000000A,
			);
			path = AutoFill;
			sourceTree = "<group>";
		};
		00000000000000000000003B = {
			isa = PBXGroup;
			children = (
				00000000000000000000000B,
				00000000000000000000000C,
				00000000000000000000000D,
				00000000000000000000000E,
				00000000000000000000000F,
				000000000000000000000010,
				000000000000000000000011,
				000000000000000000000012,
				000000000000000000000013,
			);
			path = StashCore;
			sourceTree = "<group>";
		};
		00000000000000000000003C = {
			isa = PBXGroup;
			children = (
				000000000000000000000014,
				000000000000000000000015,
				000000000000000000000016,
				000000000000000000000017,
			);
			path = StashCoreTests;
			sourceTree = "<group>";
		};
		00000000000000000000003D = {
			isa = PBXGroup;
			children = (
				000000000000000000000018,
				000000000000000000000019,
				00000000000000000000001A,
				00000000000000000000001B,
			);
			name = Products;
			sourceTree = "<group>";
		};
		00000000000000000000003E = {
			isa = PBXGroup;
			children = (
				000000000000000000000039,
				00000000000000000000003A,
				00000000000000000000003B,
				00000000000000000000003C,
				00000000000000000000003D,
			);
			sourceTree = "<group>";
		};
		00000000000000000000003F = {
			isa = PBXSourcesBuildPhase;
			buildActionMask = 2147483647;
			files = (
				00000000000000000000001D,
				00000000000000000000001F,
			);
			runOnlyForDeploymentPostprocessing = 0;
		};
		000000000000000000000040 = {
			isa = PBXFrameworksBuildPhase;
			buildActionMask = 2147483647;
			files = (
				000000000000000000000033,
			);
			runOnlyForDeploymentPostprocessing = 0;
		};
		000000000000000000000041 = {
			isa = PBXResourcesBuildPhase;
			buildActionMask = 2147483647;
			files = (
				000000000000000000000020,
				000000000000000000000021,
				000000000000000000000022,
			);
			runOnlyForDeploymentPostprocessing = 0;
		};
		000000000000000000000042 = {
			isa = PBXCopyFilesBuildPhase;
			buildActionMask = 2147483647;
			files = (
				000000000000000000000036,
			);
			dstPath = "";
			dstSubfolderSpec = 10;
			name = "Embed Frameworks";
			runOnlyForDeploymentPostprocessing = 0;
		};
		000000000000000000000043 = {
			isa = PBXCopyFilesBuildPhase;
			buildActionMask = 2147483647;
			files = (
				000000000000000000000037,
			);
			dstPath = "";
			dstSubfolderSpec = 13;
			name = "Embed App Extensions";
			runOnlyForDeploymentPostprocessing = 0;
		};
		000000000000000000000044 = {
			isa = PBXSourcesBuildPhase;
			buildActionMask = 2147483647;
			files = (
				000000000000000000000023,
			);
			runOnlyForDeploymentPostprocessing = 0;
		};
		000000000000000000000045 = {
			isa = PBXFrameworksBuildPhase;
			buildActionMask = 2147483647;
			files = (
				000000000000000000000034,
			);
			runOnlyForDeploymentPostprocessing = 0;
		};
		000000000000000000000046 = {
			isa = PBXResourcesBuildPhase;
			buildActionMask = 2147483647;
			files = (
				000000000000000000000024,
				000000000000000000000025,
			);
			runOnlyForDeploymentPostprocessing = 0;
		};
		000000000000000000000047 = {
			isa = PBXHeadersBuildPhase;
			buildActionMask = 2147483647;
			files = (
			);
			runOnlyForDeploymentPostprocessing = 0;
		};
		000000000000000000000048 = {
			isa = PBXSourcesBuildPhase;
			buildActionMask = 2147483647;
			files = (
				000000000000000000000026,
				000000000000000000000027,
				000000000000000000000028,
				000000000000000000000029,
				00000000000000000000002A,
				00000000000000000000002B,
				00000000000000000000002C,
				00000000000000000000002D,
				00000000000000000000002E,
			);
			runOnlyForDeploymentPostprocessing = 0;
		};
		000000000000000000000049 = {
			isa = PBXFrameworksBuildPhase;
			buildActionMask = 2147483647;
			files = (
			);
			runOnlyForDeploymentPostprocessing = 0;
		};
		00000000000000000000004A = {
			isa = PBXResourcesBuildPhase;
			buildActionMask = 2147483647;
			files = (
			);
			runOnlyForDeploymentPostprocessing = 0;
		};
		00000000000000000000004B = {
			isa = PBXSourcesBuildPhase;
			buildActionMask = 2147483647;
			files = (
				00000000000000000000002F,
				000000000000000000000030,
				000000000000000000000031,
				000000000000000000000032,
			);
			runOnlyForDeploymentPostprocessing = 0;
		};
		00000000000000000000004C = {
			isa = PBXFrameworksBuildPhase;
			buildActionMask = 2147483647;
			files = (
				000000000000000000000035,
			);
			runOnlyForDeploymentPostprocessing = 0;
		};
		00000000000000000000004D = {
			isa = PBXResourcesBuildPhase;
			buildActionMask = 2147483647;
			files = (
			);
			runOnlyForDeploymentPostprocessing = 0;
		};
		00000000000000000000004E = {
			isa = PBXContainerItemProxy;
			containerPortal = 00000000000000000000004F;
			proxyType = 1;
			remoteGlobalIDString = 000000000000000000000050;
			remoteInfo = StashAutoFill;
		};
		00000000000000000000004F = {
			isa = PBXProject;
			attributes = {
				BuildIndependentTargetsInParallel = 1;
				LastSwiftUpdateCheck = 1600;
				LastUpgradeCheck = 1600;
				TargetAttributes = {
					000000000000000000000068 = {
						CreatedOnToolsVersion = 16.0;
						ProvisioningStyle = Automatic;
					};
					000000000000000000000050 = {
						CreatedOnToolsVersion = 16.0;
						ProvisioningStyle = Automatic;
					};
					000000000000000000000053 = {
						CreatedOnToolsVersion = 16.0;
						ProvisioningStyle = Automatic;
					};
					000000000000000000000069 = {
						CreatedOnToolsVersion = 16.0;
						ProvisioningStyle = Automatic;
					};
				};
			};
			buildConfigurationList = 00000000000000000000005B;
			compatibilityVersion = "Xcode 14.0";
			developmentRegion = ru;
			hasScannedForEncodings = 0;
			knownRegions = (
				en,
				Base,
				ru,
			);
			mainGroup = 00000000000000000000003E;
			productRefGroup = 00000000000000000000003D;
			projectDirPath = "";
			projectRoot = "";
			targets = (
				000000000000000000000068,
				000000000000000000000050,
				000000000000000000000053,
				000000000000000000000069,
			);
		};
		000000000000000000000050 = {
			isa = PBXNativeTarget;
			buildConfigurationList = 000000000000000000000061;
			buildPhases = (
				000000000000000000000044,
				000000000000000000000045,
				000000000000000000000046,
			);
			buildRules = (
			);
			dependencies = (
				000000000000000000000056,
			);
			name = StashAutoFill;
			productName = StashAutoFill;
			productReference = 000000000000000000000019;
			productType = "com.apple.product-type.app-extension";
		};
		000000000000000000000051 = {
			isa = PBXTargetDependency;
			target = 000000000000000000000050;
			targetProxy = 00000000000000000000004E;
		};
		000000000000000000000052 = {
			isa = PBXContainerItemProxy;
			containerPortal = 00000000000000000000004F;
			proxyType = 1;
			remoteGlobalIDString = 000000000000000000000053;
			remoteInfo = StashCore;
		};
		000000000000000000000053 = {
			isa = PBXNativeTarget;
			buildConfigurationList = 000000000000000000000064;
			buildPhases = (
				000000000000000000000047,
				000000000000000000000048,
				000000000000000000000049,
				00000000000000000000004A,
			);
			buildRules = (
			);
			dependencies = (
			);
			name = StashCore;
			productName = StashCore;
			productReference = 00000000000000000000001A;
			productType = "com.apple.product-type.framework";
		};
		000000000000000000000054 = {
			isa = PBXTargetDependency;
			target = 000000000000000000000053;
			targetProxy = 000000000000000000000052;
		};
		000000000000000000000055 = {
			isa = PBXContainerItemProxy;
			containerPortal = 00000000000000000000004F;
			proxyType = 1;
			remoteGlobalIDString = 000000000000000000000053;
			remoteInfo = StashCore;
		};
		000000000000000000000056 = {
			isa = PBXTargetDependency;
			target = 000000000000000000000053;
			targetProxy = 000000000000000000000055;
		};
		000000000000000000000057 = {
			isa = PBXContainerItemProxy;
			containerPortal = 00000000000000000000004F;
			proxyType = 1;
			remoteGlobalIDString = 000000000000000000000053;
			remoteInfo = StashCore;
		};
		000000000000000000000058 = {
			isa = PBXTargetDependency;
			target = 000000000000000000000053;
			targetProxy = 000000000000000000000057;
		};
		000000000000000000000059 = {
			isa = XCBuildConfiguration;
			buildSettings = {
				ALWAYS_SEARCH_USER_PATHS = NO;
				CLANG_ENABLE_MODULES = YES;
				CLANG_ENABLE_OBJC_ARC = YES;
				CLANG_ENABLE_OBJC_WEAK = YES;
				CLANG_WARN_BOOL_CONVERSION = YES;
				CLANG_WARN_CONSTANT_CONVERSION = YES;
				CLANG_WARN_DIRECT_OBJC_ISA_USAGE = YES_ERROR;
				CLANG_WARN_EMPTY_BODY = YES;
				CLANG_WARN_ENUM_CONVERSION = YES;
				CLANG_WARN_INT_CONVERSION = YES;
				CLANG_WARN_OBJC_ROOT_CLASS = YES_ERROR;
				CLANG_WARN_UNREACHABLE_CODE = YES;
				COPY_PHASE_STRIP = NO;
				ENABLE_STRICT_OBJC_MSGSEND = YES;
				ENABLE_USER_SCRIPT_SANDBOXING = YES;
				GCC_C_LANGUAGE_STANDARD = gnu17;
				GCC_NO_COMMON_BLOCKS = YES;
				GCC_WARN_ABOUT_RETURN_TYPE = YES_ERROR;
				GCC_WARN_UNDECLARED_SELECTOR = YES;
				GCC_WARN_UNINITIALIZED_AUTOS = YES_AGGRESSIVE;
				GCC_WARN_UNUSED_FUNCTION = YES;
				GCC_WARN_UNUSED_VARIABLE = YES;
				IPHONEOS_DEPLOYMENT_TARGET = 17.0;
				LOCALIZATION_PREFERS_STRING_CATALOGS = YES;
				SDKROOT = iphoneos;
				SWIFT_VERSION = 6.0;
				DEBUG_INFORMATION_FORMAT = dwarf;
				ENABLE_TESTABILITY = YES;
				GCC_OPTIMIZATION_LEVEL = 0;
				GCC_PREPROCESSOR_DEFINITIONS = (
				"DEBUG=1",
				"$(inherited)",
			);
				ONLY_ACTIVE_ARCH = YES;
				SWIFT_ACTIVE_COMPILATION_CONDITIONS = "DEBUG $(inherited)";
				SWIFT_OPTIMIZATION_LEVEL = "-Onone";
			};
			name = Debug;
		};
		00000000000000000000005A = {
			isa = XCBuildConfiguration;
			buildSettings = {
				ALWAYS_SEARCH_USER_PATHS = NO;
				CLANG_ENABLE_MODULES = YES;
				CLANG_ENABLE_OBJC_ARC = YES;
				CLANG_ENABLE_OBJC_WEAK = YES;
				CLANG_WARN_BOOL_CONVERSION = YES;
				CLANG_WARN_CONSTANT_CONVERSION = YES;
				CLANG_WARN_DIRECT_OBJC_ISA_USAGE = YES_ERROR;
				CLANG_WARN_EMPTY_BODY = YES;
				CLANG_WARN_ENUM_CONVERSION = YES;
				CLANG_WARN_INT_CONVERSION = YES;
				CLANG_WARN_OBJC_ROOT_CLASS = YES_ERROR;
				CLANG_WARN_UNREACHABLE_CODE = YES;
				COPY_PHASE_STRIP = NO;
				ENABLE_STRICT_OBJC_MSGSEND = YES;
				ENABLE_USER_SCRIPT_SANDBOXING = YES;
				GCC_C_LANGUAGE_STANDARD = gnu17;
				GCC_NO_COMMON_BLOCKS = YES;
				GCC_WARN_ABOUT_RETURN_TYPE = YES_ERROR;
				GCC_WARN_UNDECLARED_SELECTOR = YES;
				GCC_WARN_UNINITIALIZED_AUTOS = YES_AGGRESSIVE;
				GCC_WARN_UNUSED_FUNCTION = YES;
				GCC_WARN_UNUSED_VARIABLE = YES;
				IPHONEOS_DEPLOYMENT_TARGET = 17.0;
				LOCALIZATION_PREFERS_STRING_CATALOGS = YES;
				SDKROOT = iphoneos;
				SWIFT_VERSION = 6.0;
				DEBUG_INFORMATION_FORMAT = "dwarf-with-dsym";
				ENABLE_NS_ASSERTIONS = NO;
				SWIFT_COMPILATION_MODE = wholemodule;
				VALIDATE_PRODUCT = YES;
			};
			name = Release;
		};
		00000000000000000000005B = {
			isa = XCConfigurationList;
			buildConfigurations = (
				000000000000000000000059,
				00000000000000000000005A,
			);
			defaultConfigurationIsVisible = 0;
			defaultConfigurationName = Release;
		};
		00000000000000000000005C = {
			isa = XCBuildConfiguration;
			buildSettings = {
				ASSETCATALOG_COMPILER_APPICON_NAME = AppIcon;
				CODE_SIGN_ENTITLEMENTS = App/Stash.entitlements;
				CODE_SIGN_STYLE = Automatic;
				CURRENT_PROJECT_VERSION = 1;
				DEVELOPMENT_TEAM = "";
				ENABLE_PREVIEWS = YES;
				GENERATE_INFOPLIST_FILE = NO;
				INFOPLIST_FILE = App/Info.plist;
				LD_RUNPATH_SEARCH_PATHS = (
				"$(inherited)",
				"@executable_path/Frameworks",
			);
				MARKETING_VERSION = 0.0.1;
				PRODUCT_BUNDLE_IDENTIFIER = com.portie24.stash;
				PRODUCT_NAME = "$(TARGET_NAME)";
				SWIFT_EMIT_LOC_STRINGS = YES;
				TARGETED_DEVICE_FAMILY = 1;
			};
			name = Debug;
		};
		00000000000000000000005D = {
			isa = XCBuildConfiguration;
			buildSettings = {
				ASSETCATALOG_COMPILER_APPICON_NAME = AppIcon;
				CODE_SIGN_ENTITLEMENTS = App/Stash.entitlements;
				CODE_SIGN_STYLE = Automatic;
				CURRENT_PROJECT_VERSION = 1;
				DEVELOPMENT_TEAM = "";
				ENABLE_PREVIEWS = YES;
				GENERATE_INFOPLIST_FILE = NO;
				INFOPLIST_FILE = App/Info.plist;
				LD_RUNPATH_SEARCH_PATHS = (
				"$(inherited)",
				"@executable_path/Frameworks",
			);
				MARKETING_VERSION = 0.0.1;
				PRODUCT_BUNDLE_IDENTIFIER = com.portie24.stash;
				PRODUCT_NAME = "$(TARGET_NAME)";
				SWIFT_EMIT_LOC_STRINGS = YES;
				TARGETED_DEVICE_FAMILY = 1;
			};
			name = Release;
		};
		00000000000000000000005E = {
			isa = XCConfigurationList;
			buildConfigurations = (
				00000000000000000000005C,
				00000000000000000000005D,
			);
			defaultConfigurationIsVisible = 0;
			defaultConfigurationName = Release;
		};
		00000000000000000000005F = {
			isa = XCBuildConfiguration;
			buildSettings = {
				CODE_SIGN_ENTITLEMENTS = AutoFill/StashAutoFill.entitlements;
				CODE_SIGN_STYLE = Automatic;
				CURRENT_PROJECT_VERSION = 1;
				DEVELOPMENT_TEAM = "";
				GENERATE_INFOPLIST_FILE = NO;
				INFOPLIST_FILE = AutoFill/Info.plist;
				LD_RUNPATH_SEARCH_PATHS = (
				"$(inherited)",
				"@executable_path/Frameworks",
				"@executable_path/../../Frameworks",
			);
				MARKETING_VERSION = 0.0.1;
				PRODUCT_BUNDLE_IDENTIFIER = com.portie24.stash.autofill;
				PRODUCT_NAME = "$(TARGET_NAME)";
				SKIP_INSTALL = YES;
				SWIFT_EMIT_LOC_STRINGS = YES;
				TARGETED_DEVICE_FAMILY = 1;
			};
			name = Debug;
		};
		000000000000000000000060 = {
			isa = XCBuildConfiguration;
			buildSettings = {
				CODE_SIGN_ENTITLEMENTS = AutoFill/StashAutoFill.entitlements;
				CODE_SIGN_STYLE = Automatic;
				CURRENT_PROJECT_VERSION = 1;
				DEVELOPMENT_TEAM = "";
				GENERATE_INFOPLIST_FILE = NO;
				INFOPLIST_FILE = AutoFill/Info.plist;
				LD_RUNPATH_SEARCH_PATHS = (
				"$(inherited)",
				"@executable_path/Frameworks",
				"@executable_path/../../Frameworks",
			);
				MARKETING_VERSION = 0.0.1;
				PRODUCT_BUNDLE_IDENTIFIER = com.portie24.stash.autofill;
				PRODUCT_NAME = "$(TARGET_NAME)";
				SKIP_INSTALL = YES;
				SWIFT_EMIT_LOC_STRINGS = YES;
				TARGETED_DEVICE_FAMILY = 1;
			};
			name = Release;
		};
		000000000000000000000061 = {
			isa = XCConfigurationList;
			buildConfigurations = (
				00000000000000000000005F,
				000000000000000000000060,
			);
			defaultConfigurationIsVisible = 0;
			defaultConfigurationName = Release;
		};
		000000000000000000000062 = {
			isa = XCBuildConfiguration;
			buildSettings = {
				CODE_SIGN_STYLE = Automatic;
				CURRENT_PROJECT_VERSION = 1;
				DEFINES_MODULE = YES;
				DEVELOPMENT_TEAM = "";
				DYLIB_COMPATIBILITY_VERSION = 1;
				DYLIB_CURRENT_VERSION = 1;
				DYLIB_INSTALL_NAME_BASE = "@rpath";
				GENERATE_INFOPLIST_FILE = YES;
				INSTALL_PATH = "$(LOCAL_LIBRARY_DIR)/Frameworks";
				LD_RUNPATH_SEARCH_PATHS = (
				"$(inherited)",
				"@executable_path/Frameworks",
				"@loader_path/Frameworks",
			);
				MARKETING_VERSION = 0.0.1;
				PRODUCT_BUNDLE_IDENTIFIER = com.portie24.stash.core;
				PRODUCT_NAME = "$(TARGET_NAME:c99extidentifier)";
				SKIP_INSTALL = YES;
				SWIFT_EMIT_LOC_STRINGS = YES;
				TARGETED_DEVICE_FAMILY = 1;
				VERSIONING_SYSTEM = "apple-generic";
			};
			name = Debug;
		};
		000000000000000000000063 = {
			isa = XCBuildConfiguration;
			buildSettings = {
				CODE_SIGN_STYLE = Automatic;
				CURRENT_PROJECT_VERSION = 1;
				DEFINES_MODULE = YES;
				DEVELOPMENT_TEAM = "";
				DYLIB_COMPATIBILITY_VERSION = 1;
				DYLIB_CURRENT_VERSION = 1;
				DYLIB_INSTALL_NAME_BASE = "@rpath";
				GENERATE_INFOPLIST_FILE = YES;
				INSTALL_PATH = "$(LOCAL_LIBRARY_DIR)/Frameworks";
				LD_RUNPATH_SEARCH_PATHS = (
				"$(inherited)",
				"@executable_path/Frameworks",
				"@loader_path/Frameworks",
			);
				MARKETING_VERSION = 0.0.1;
				PRODUCT_BUNDLE_IDENTIFIER = com.portie24.stash.core;
				PRODUCT_NAME = "$(TARGET_NAME:c99extidentifier)";
				SKIP_INSTALL = YES;
				SWIFT_EMIT_LOC_STRINGS = YES;
				TARGETED_DEVICE_FAMILY = 1;
				VERSIONING_SYSTEM = "apple-generic";
			};
			name = Release;
		};
		000000000000000000000064 = {
			isa = XCConfigurationList;
			buildConfigurations = (
				000000000000000000000062,
				000000000000000000000063,
			);
			defaultConfigurationIsVisible = 0;
			defaultConfigurationName = Release;
		};
		000000000000000000000065 = {
			isa = XCBuildConfiguration;
			buildSettings = {
				CODE_SIGN_STYLE = Automatic;
				CURRENT_PROJECT_VERSION = 1;
				DEVELOPMENT_TEAM = "";
				GENERATE_INFOPLIST_FILE = YES;
				LD_RUNPATH_SEARCH_PATHS = (
				"$(inherited)",
				"@executable_path/Frameworks",
				"@loader_path/Frameworks",
			);
				MARKETING_VERSION = 0.0.1;
				PRODUCT_BUNDLE_IDENTIFIER = com.portie24.stash.StashCoreTests;
				PRODUCT_NAME = "$(TARGET_NAME)";
				SWIFT_EMIT_LOC_STRINGS = NO;
				TARGETED_DEVICE_FAMILY = 1;
			};
			name = Debug;
		};
		000000000000000000000066 = {
			isa = XCBuildConfiguration;
			buildSettings = {
				CODE_SIGN_STYLE = Automatic;
				CURRENT_PROJECT_VERSION = 1;
				DEVELOPMENT_TEAM = "";
				GENERATE_INFOPLIST_FILE = YES;
				LD_RUNPATH_SEARCH_PATHS = (
				"$(inherited)",
				"@executable_path/Frameworks",
				"@loader_path/Frameworks",
			);
				MARKETING_VERSION = 0.0.1;
				PRODUCT_BUNDLE_IDENTIFIER = com.portie24.stash.StashCoreTests;
				PRODUCT_NAME = "$(TARGET_NAME)";
				SWIFT_EMIT_LOC_STRINGS = NO;
				TARGETED_DEVICE_FAMILY = 1;
			};
			name = Release;
		};
		000000000000000000000067 = {
			isa = XCConfigurationList;
			buildConfigurations = (
				000000000000000000000065,
				000000000000000000000066,
			);
			defaultConfigurationIsVisible = 0;
			defaultConfigurationName = Release;
		};
		000000000000000000000068 = {
			isa = PBXNativeTarget;
			buildConfigurationList = 00000000000000000000005E;
			buildPhases = (
				00000000000000000000003F,
				000000000000000000000040,
				000000000000000000000041,
				000000000000000000000042,
				000000000000000000000043,
			);
			buildRules = (
			);
			dependencies = (
				000000000000000000000051,
				000000000000000000000054,
			);
			name = Stash;
			productName = Stash;
			productReference = 000000000000000000000018;
			productType = "com.apple.product-type.application";
		};
		000000000000000000000069 = {
			isa = PBXNativeTarget;
			buildConfigurationList = 000000000000000000000067;
			buildPhases = (
				00000000000000000000004B,
				00000000000000000000004C,
				00000000000000000000004D,
			);
			buildRules = (
			);
			dependencies = (
				000000000000000000000058,
			);
			name = StashCoreTests;
			productName = StashCoreTests;
			productReference = 00000000000000000000001B;
			productType = "com.apple.product-type.bundle.unit-test";
		};
	};
	rootObject = 00000000000000000000004F;
}
